
Microsoft Visual Studio Solution File, Format Version 12.00
# Visual Studio 15
VisualStudioVersion = 15.0.27130.2026
MinimumVisualStudioVersion = 10.0.40219.1
Project("{FAE04EC0-301F-11D3-BF4B-00C04F79EFBC}") = "GameProject", "GameProject\GameProject.csproj", "{941D71F4-9262-4547-ABED-E8A769D884D6}"
EndProject
Global
	GlobalSection(SolutionConfigurationPlatforms) = preSolution
		Debug|x86 = Debug|x86
		Release|x86 = Release|x86
	EndGlobalSection
	GlobalSection(ProjectConfigurationPlatforms) = postSolution
		{941D71F4-9262-4547-ABED-E8A769D884D6}.Debug|x86.ActiveCfg = Debug|x86
		{941D71F4-9262-4547-ABED-E8A769D884D6}.Debug|x86.Build.0 = Debug|x86
		{941D71F4-9262-4547-ABED-E8A769D884D6}.Release|x86.ActiveCfg = Release|x86
		{941D71F4-9262-4547-ABED-E8A769D884D6}.Release|x86.Build.0 = Release|x86
	EndGlobalSection
	GlobalSection(SolutionProperties) = preSolution
		HideSolutionNode = FALSE
	EndGlobalSection
	GlobalSection(ExtensibilityGlobals) = postSolution
		SolutionGuid = {DDE0F9D8-1E59-472C-8391-6FAA0B96C005}
	EndGlobalSection
EndGlobal
